// !$*UTF8*$!
{
	archiveVersion = 1;
	classes = {
	};
	objectVersion = 46;
	objects = {

/* Begin PBXBuildFile section */
		DA35019F1C880A27006A41A5 /* AppDelegate.swift in Sources */ = {isa = PBXBuildFile; fileRef = DA35019E1C880A27006A41A5 /* AppDelegate.swift */; };
		DA3501A11C880A27006A41A5 /* HomeTableViewController.swift in Sources */ = {isa = PBXBuildFile; fileRef = DA3501A01C880A27006A41A5 /* HomeTableViewController.swift */; };
		DA3501A41C880A27006A41A5 /* Main.storyboard in Resources */ = {isa = PBXBuildFile; fileRef = DA3501A21C880A27006A41A5 /* Main.storyboard */; };
		DA3501A61C880A27006A41A5 /* Assets.xcassets in Resources */ = {isa = PBXBuildFile; fileRef = DA3501A51C880A27006A41A5 /* Assets.xcassets */; };
		DA3501A91C880A27006A41A5 /* LaunchScreen.storyboard in Resources */ = {isa = PBXBuildFile; fileRef = DA3501A71C880A27006A41A5 /* LaunchScreen.storyboard */; };
		DA3501B31C88111A006A41A5 /* HistoryTableViewCell.swift in Sources */ = {isa = PBXBuildFile; fileRef = DA3501B21C88111A006A41A5 /* HistoryTableViewCell.swift */; };
		DA3501B51C88112D006A41A5 /* CallToActionTableViewCell.swift in Sources */ = {isa = PBXBuildFile; fileRef = DA3501B41C88112D006A41A5 /* CallToActionTableViewCell.swift */; };
		DA3501B71C881140006A41A5 /* CategoryTableViewCell.swift in Sources */ = {isa = PBXBuildFile; fileRef = DA3501B61C881140006A41A5 /* CategoryTableViewCell.swift */; };
		DA3501B91C88115B006A41A5 /* MediaTableViewCell.swift in Sources */ = {isa = PBXBuildFile; fileRef = DA3501B81C88115B006A41A5 /* MediaTableViewCell.swift */; };
		DA3501BC1C881F07006A41A5 /* TimerViewController.swift in Sources */ = {isa = PBXBuildFile; fileRef = DA3501BB1C881F07006A41A5 /* TimerViewController.swift */; };
		DA3501C01C8A749E006A41A5 /* CategoryViewController.swift in Sources */ = {isa = PBXBuildFile; fileRef = DA3501BF1C8A749E006A41A5 /* CategoryViewController.swift */; };
		DA3501C21C8A7E9A006A41A5 /* MediaViewController.swift in Sources */ = {isa = PBXBuildFile; fileRef = DA3501C11C8A7E9A006A41A5 /* MediaViewController.swift */; };
		DA3501C61C8CCD6D006A41A5 /* TimerSettingsViewController.swift in Sources */ = {isa = PBXBuildFile; fileRef = DA3501C51C8CCD6D006A41A5 /* TimerSettingsViewController.swift */; };
		DA3501C91C8CCDF5006A41A5 /* Category.swift in Sources */ = {isa = PBXBuildFile; fileRef = DA3501C81C8CCDF5006A41A5 /* Category.swift */; };
		DA3501CB1C8CCE00006A41A5 /* History.swift in Sources */ = {isa = PBXBuildFile; fileRef = DA3501CA1C8CCE00006A41A5 /* History.swift */; };
		DA3501CD1C8CCE23006A41A5 /* Media.swift in Sources */ = {isa = PBXBuildFile; fileRef = DA3501CC1C8CCE23006A41A5 /* Media.swift */; };
		DA3501CF1C8CCE3D006A41A5 /* TimerSettings.swift in Sources */ = {isa = PBXBuildFile; fileRef = DA3501CE1C8CCE3D006A41A5 /* TimerSettings.swift */; };
/* End PBXBuildFile section */

/* Begin PBXFileReference section */
		DA35019B1C880A27006A41A5 /* conscious.app */ = {isa = PBXFileReference; explicitFileType = wrapper.application; includeInIndex = 0; path = conscious.app; sourceTree = BUILT_PRODUCTS_DIR; };
		DA35019E1C880A27006A41A5 /* AppDelegate.swift */ = {isa = PBXFileReference; lastKnownFileType = sourcecode.swift; path = AppDelegate.swift; sourceTree = "<group>"; };
		DA3501A01C880A27006A41A5 /* HomeTableViewController.swift */ = {isa = PBXFileReference; lastKnownFileType = sourcecode.swift; path = HomeTableViewController.swift; sourceTree = "<group>"; };
		DA3501A31C880A27006A41A5 /* Base */ = {isa = PBXFileReference; lastKnownFileType = file.storyboard; name = Base; path = Base.lproj/Main.storyboard; sourceTree = "<group>"; };
		DA3501A51C880A27006A41A5 /* Assets.xcassets */ = {isa = PBXFileReference; lastKnownFileType = folder.assetcatalog; path = Assets.xcassets; sourceTree = "<group>"; };
		DA3501A81C880A27006A41A5 /* Base */ = {isa = PBXFileReference; lastKnownFileType = file.storyboard; name = Base; path = Base.lproj/LaunchScreen.storyboard; sourceTree = "<group>"; };
		DA3501AA1C880A27006A41A5 /* Info.plist */ = {isa = PBXFileReference; lastKnownFileType = text.plist.xml; path = Info.plist; sourceTree = "<group>"; };
		DA3501B21C88111A006A41A5 /* HistoryTableViewCell.swift */ = {isa = PBXFileReference; fileEncoding = 4; lastKnownFileType = sourcecode.swift; path = HistoryTableViewCell.swift; sourceTree = "<group>"; };
		DA3501B41C88112D006A41A5 /* CallToActionTableViewCell.swift */ = {isa = PBXFileReference; fileEncoding = 4; lastKnownFileType = sourcecode.swift; path = CallToActionTableViewCell.swift; sourceTree = "<group>"; };
		DA3501B61C881140006A41A5 /* CategoryTableViewCell.swift */ = {isa = PBXFileReference; fileEncoding = 4; lastKnownFileType = sourcecode.swift; path = CategoryTableViewCell.swift; sourceTree = "<group>"; };
		DA3501B81C88115B006A41A5 /* MediaTableViewCell.swift */ = {isa = PBXFileReference; fileEncoding = 4; lastKnownFileType = sourcecode.swift; path = MediaTableViewCell.swift; sourceTree = "<group>"; };
		DA3501BB1C881F07006A41A5 /* TimerViewController.swift */ = {isa = PBXFileReference; fileEncoding = 4; lastKnownFileType = sourcecode.swift; path = TimerViewController.swift; sourceTree = "<group>"; };
		DA3501BF1C8A749E006A41A5 /* CategoryViewController.swift */ = {isa = PBXFileReference; fileEncoding = 4; lastKnownFileType = sourcecode.swift; path = CategoryViewController.swift; sourceTree = "<group>"; };
		DA3501C11C8A7E9A006A41A5 /* MediaViewController.swift */ = {isa = PBXFileReference; fileEncoding = 4; lastKnownFileType = sourcecode.swift; path = MediaViewController.swift; sourceTree = "<group>"; };
		DA3501C51C8CCD6D006A41A5 /* TimerSettingsViewController.swift */ = {isa = PBXFileReference; fileEncoding = 4; lastKnownFileType = sourcecode.swift; path = TimerSettingsViewController.swift; sourceTree = "<group>"; };
		DA3501C81C8CCDF5006A41A5 /* Category.swift */ = {isa = PBXFileReference; fileEncoding = 4; lastKnownFileType = sourcecode.swift; path = Category.swift; sourceTree = "<group>"; };
		DA3501CA1C8CCE00006A41A5 /* History.swift */ = {isa = PBXFileReference; fileEncoding = 4; lastKnownFileType = sourcecode.swift; path = History.swift; sourceTree = "<group>"; };
		DA3501CC1C8CCE23006A41A5 /* Media.swift */ = {isa = PBXFileReference; fileEncoding = 4; lastKnownFileType = sourcecode.swift; path = Media.swift; sourceTree = "<group>"; };
		DA3501CE1C8CCE3D006A41A5 /* TimerSettings.swift */ = {isa = PBXFileReference; fileEncoding = 4; lastKnownFileType = sourcecode.swift; path = TimerSettings.swift; sourceTree = "<group>"; };
/* End PBXFileReference section */

/* Begin PBXFrameworksBuildPhase section */
		DA3501981C880A27006A41A5 /* Frameworks */ = {
			isa = PBXFrameworksBuildPhase;
			buildActionMask = 2147483647;
			files = (
			);
			runOnlyForDeploymentPostprocessing = 0;
		};
/* End PBXFrameworksBuildPhase section */

/* Begin PBXGroup section */
		DA3501921C880A27006A41A5 = {
			isa = PBXGroup;
			children = (
				DA35019D1C880A27006A41A5 /* conscious */,
				DA35019C1C880A27006A41A5 /* Products */,
			);
			sourceTree = "<group>";
		};
		DA35019C1C880A27006A41A5 /* Products */ = {
			isa = PBXGroup;
			children = (
				DA35019B1C880A27006A41A5 /* conscious.app */,
			);
			name = Products;
			sourceTree = "<group>";
		};
		DA35019D1C880A27006A41A5 /* conscious */ = {
			isa = PBXGroup;
			children = (
				DA3501C71C8CCDD3006A41A5 /* Models */,
				DA3501BA1C881ED3006A41A5 /* ViewControllers */,
				DA3501B01C8810DC006A41A5 /* views */,
				DA35019E1C880A27006A41A5 /* AppDelegate.swift */,
				DA3501A21C880A27006A41A5 /* Main.storyboard */,
				DA3501A51C880A27006A41A5 /* Assets.xcassets */,
				DA3501A71C880A27006A41A5 /* LaunchScreen.storyboard */,
				DA3501AA1C880A27006A41A5 /* Info.plist */,
			);
			path = conscious;
			sourceTree = "<group>";
		};
		DA3501B01C8810DC006A41A5 /* views */ = {
			isa = PBXGroup;
			children = (
				DA3501B11C8810E6006A41A5 /* cells */,
			);
			name = views;
			sourceTree = "<group>";
		};
		DA3501B11C8810E6006A41A5 /* cells */ = {
			isa = PBXGroup;
			children = (
				DA3501B21C88111A006A41A5 /* HistoryTableViewCell.swift */,
				DA3501B41C88112D006A41A5 /* CallToActionTableViewCell.swift */,
				DA3501B61C881140006A41A5 /* CategoryTableViewCell.swift */,
				DA3501B81C88115B006A41A5 /* MediaTableViewCell.swift */,
			);
			name = cells;
			sourceTree = "<group>";
		};
		DA3501BA1C881ED3006A41A5 /* ViewControllers */ = {
			isa = PBXGroup;
			children = (
				DA3501A01C880A27006A41A5 /* HomeTableViewController.swift */,
				DA3501BB1C881F07006A41A5 /* TimerViewController.swift */,
				DA3501BF1C8A749E006A41A5 /* CategoryViewController.swift */,
				DA3501C11C8A7E9A006A41A5 /* MediaViewController.swift */,
				DA3501C51C8CCD6D006A41A5 /* TimerSettingsViewController.swift */,
			);
			name = ViewControllers;
			sourceTree = "<group>";
		};
		DA3501C71C8CCDD3006A41A5 /* Models */ = {
			isa = PBXGroup;
			children = (
				DA3501C81C8CCDF5006A41A5 /* Category.swift */,
				DA3501CA1C8CCE00006A41A5 /* History.swift */,
				DA3501CC1C8CCE23006A41A5 /* Media.swift */,
				DA3501CE1C8CCE3D006A41A5 /* TimerSettings.swift */,
			);
			name = Models;
			sourceTree = "<group>";
		};
/* End PBXGroup section */

/* Begin PBXNativeTarget section */
		DA35019A1C880A27006A41A5 /* conscious */ = {
			isa = PBXNativeTarget;
			buildConfigurationList = DA3501AD1C880A27006A41A5 /* Build configuration list for PBXNativeTarget "conscious" */;
			buildPhases = (
				DA3501971C880A27006A41A5 /* Sources */,
				DA3501981C880A27006A41A5 /* Frameworks */,
				DA3501991C880A27006A41A5 /* Resources */,
			);
			buildRules = (
			);
			dependencies = (
			);
			name = conscious;
			productName = conscious;
			productReference = DA35019B1C880A27006A41A5 /* conscious.app */;
			productType = "com.apple.product-type.application";
		};
/* End PBXNativeTarget section */

/* Begin PBXProject section */
		DA3501931C880A27006A41A5 /* Project object */ = {
			isa = PBXProject;
			attributes = {
				LastSwiftUpdateCheck = 0720;
				LastUpgradeCheck = 0720;
				ORGANIZATIONNAME = "Conscious World";
				TargetAttributes = {
					DA35019A1C880A27006A41A5 = {
						CreatedOnToolsVersion = 7.2;
					};
				};
			};
			buildConfigurationList = DA3501961C880A27006A41A5 /* Build configuration list for PBXProject "conscious" */;
			compatibilityVersion = "Xcode 3.2";
			developmentRegion = English;
			hasScannedForEncodings = 0;
			knownRegions = (
				en,
				Base,
			);
			mainGroup = DA3501921C880A27006A41A5;
			productRefGroup = DA35019C1C880A27006A41A5 /* Products */;
			projectDirPath = "";
			projectRoot = "";
			targets = (
				DA35019A1C880A27006A41A5 /* conscious */,
			);
		};
/* End PBXProject section */

/* Begin PBXResourcesBuildPhase section */
		DA3501991C880A27006A41A5 /* Resources */ = {
			isa = PBXResourcesBuildPhase;
			buildActionMask = 2147483647;
			files = (
				DA3501A91C880A27006A41A5 /* LaunchScreen.storyboard in Resources */,
				DA3501A61C880A27006A41A5 /* Assets.xcassets in Resources */,
				DA3501A41C880A27006A41A5 /* Main.storyboard in Resources */,
			);
			runOnlyForDeploymentPostprocessing = 0;
		};
/* End PBXResourcesBuildPhase section */

/* Begin PBXSourcesBuildPhase section */
		DA3501971C880A27006A41A5 /* Sources */ = {
			isa = PBXSourcesBuildPhase;
			buildActionMask = 2147483647;
			files = (
				DA3501B71C881140006A41A5 /* CategoryTableViewCell.swift in Sources */,
				DA3501B31C88111A006A41A5 /* HistoryTableViewCell.swift in Sources */,
				DA3501A11C880A27006A41A5 /* HomeTableViewController.swift in Sources */,
				DA3501BC1C881F07006A41A5 /* TimerViewController.swift in Sources */,
				DA3501C01C8A749E006A41A5 /* CategoryViewController.swift in Sources */,
				DA3501B51C88112D006A41A5 /* CallToActionTableViewCell.swift in Sources */,
				DA3501CB1C8CCE00006A41A5 /* History.swift in Sources */,
				DA3501B91C88115B006A41A5 /* MediaTableViewCell.swift in Sources */,
				DA3501C61C8CCD6D006A41A5 /* TimerSettingsViewController.swift in Sources */,
				DA3501C21C8A7E9A006A41A5 /* MediaViewController.swift in Sources */,
				DA3501CD1C8CCE23006A41A5 /* Media.swift in Sources */,
				DA35019F1C880A27006A41A5 /* AppDelegate.swift in Sources */,
				DA3501CF1C8CCE3D006A41A5 /* TimerSettings.swift in Sources */,
				DA3501C91C8CCDF5006A41A5 /* Category.swift in Sources */,
			);
			runOnlyForDeploymentPostprocessing = 0;
		};
/* End PBXSourcesBuildPhase section */

/* Begin PBXVariantGroup section */
		DA3501A21C880A27006A41A5 /* Main.storyboard */ = {
			isa = PBXVariantGroup;
			children = (
				DA3501A31C880A27006A41A5 /* Base */,
			);
			name = Main.storyboard;
			sourceTree = "<group>";
		};
		DA3501A71C880A27006A41A5 /* LaunchScreen.storyboard */ = {
			isa = PBXVariantGroup;
			children = (
				DA3501A81C880A27006A41A5 /* Base */,
			);
			name = LaunchScreen.storyboard;
			sourceTree = "<group>";
		};
/* End PBXVariantGroup section */

/* Begin XCBuildConfiguration section */
		DA3501AB1C880A27006A41A5 /* Debug */ = {
			isa = XCBuildConfiguration;
			buildSettings = {
				ALWAYS_SEARCH_USER_PATHS = NO;
				CLANG_CXX_LANGUAGE_STANDARD = "gnu++0x";
				CLANG_CXX_LIBRARY = "libc++";
				CLANG_ENABLE_MODULES = YES;
				CLANG_ENABLE_OBJC_ARC = YES;
				CLANG_WARN_BOOL_CONVERSION = YES;
				CLANG_WARN_CONSTANT_CONVERSION = YES;
				CLANG_WARN_DIRECT_OBJC_ISA_USAGE = YES_ERROR;
				CLANG_WARN_EMPTY_BODY = YES;
				CLANG_WARN_ENUM_CONVERSION = YES;
				CLANG_WARN_INT_CONVERSION = YES;
				CLANG_WARN_OBJC_ROOT_CLASS = YES_ERROR;
				CLANG_WARN_UNREACHABLE_CODE = YES;
				CLANG_WARN__DUPLICATE_METHOD_MATCH = YES;
				"CODE_SIGN_IDENTITY[sdk=iphoneos*]" = "iPhone Developer";
				COPY_PHASE_STRIP = NO;
				DEBUG_INFORMATION_FORMAT = dwarf;
				ENABLE_STRICT_OBJC_MSGSEND = YES;
				ENABLE_TESTABILITY = YES;
				GCC_C_LANGUAGE_STANDARD = gnu99;
				GCC_DYNAMIC_NO_PIC = NO;
				GCC_NO_COMMON_BLOCKS = YES;
				GCC_OPTIMIZATION_LEVEL = 0;
				GCC_PREPROCESSOR_DEFINITIONS = (
					"DEBUG=1",
					"$(inherited)",
				);
				GCC_WARN_64_TO_32_BIT_CONVERSION = YES;
				GCC_WARN_ABOUT_RETURN_TYPE = YES_ERROR;
				GCC_WARN_UNDECLARED_SELECTOR = YES;
				GCC_WARN_UNINITIALIZED_AUTOS = YES_AGGRESSIVE;
				GCC_WARN_UNUSED_FUNCTION = YES;
				GCC_WARN_UNUSED_VARIABLE = YES;
				IPHONEOS_DEPLOYMENT_TARGET = 9.2;
				MTL_ENABLE_DEBUG_INFO = YES;
				ONLY_ACTIVE_ARCH = YES;
				SDKROOT = iphoneos;
				SWIFT_OPTIMIZATION_LEVEL = "-Onone";
				TARGETED_DEVICE_FAMILY = "1,2";
			};
			name = Debug;
		};
		DA3501AC1C880A27006A41A5 /* Release */ = {
			isa = XCBuildConfiguration;
			buildSettings = {
				ALWAYS_SEARCH_USER_PATHS = NO;
				CLANG_CXX_LANGUAGE_STANDARD = "gnu++0x";
				CLANG_CXX_LIBRARY = "libc++";
				CLANG_ENABLE_MODULES = YES;
				CLANG_ENABLE_OBJC_ARC = YES;
				CLANG_WARN_BOOL_CONVERSION = YES;
				CLANG_WARN_CONSTANT_CONVERSION = YES;
				CLANG_WARN_DIRECT_OBJC_ISA_USAGE = YES_ERROR;
				CLANG_WARN_EMPTY_BODY = YES;
				CLANG_WARN_ENUM_CONVERSION = YES;
				CLANG_WARN_INT_CONVERSION = YES;
				CLANG_WARN_OBJC_ROOT_CLASS = YES_ERROR;
				CLANG_WARN_UNREACHABLE_CODE = YES;
				CLANG_WARN__DUPLICATE_METHOD_MATCH = YES;
				"CODE_SIGN_IDENTITY[sdk=iphoneos*]" = "iPhone Developer";
				COPY_PHASE_STRIP = NO;
				DEBUG_INFORMATION_FORMAT = "dwarf-with-dsym";
				ENABLE_NS_ASSERTIONS = NO;
				ENABLE_STRICT_OBJC_MSGSEND = YES;
				GCC_C_LANGUAGE_STANDARD = gnu99;
				GCC_NO_COMMON_BLOCKS = YES;
				GCC_WARN_64_TO_32_BIT_CONVERSION = YES;
				GCC_WARN_ABOUT_RETURN_TYPE = YES_ERROR;
				GCC_WARN_UNDECLARED_SELECTOR = YES;
				GCC_WARN_UNINITIALIZED_AUTOS = YES_AGGRESSIVE;
				GCC_WARN_UNUSED_FUNCTION = YES;
				GCC_WARN_UNUSED_VARIABLE = YES;
				IPHONEOS_DEPLOYMENT_TARGET = 9.2;
				MTL_ENABLE_DEBUG_INFO = NO;
				SDKROOT = iphoneos;
				TARGETED_DEVICE_FAMILY = "1,2";
				VALIDATE_PRODUCT = YES;
			};
			name = Release;
		};
		DA3501AE1C880A27006A41A5 /* Debug */ = {
			isa = XCBuildConfiguration;
			buildSettings = {
				ASSETCATALOG_COMPILER_APPICON_NAME = AppIcon;
				INFOPLIST_FILE = conscious/Info.plist;
				LD_RUNPATH_SEARCH_PATHS = "$(inherited) @executable_path/Frameworks";
				PRODUCT_BUNDLE_IDENTIFIER = world.conscious.conscious;
				PRODUCT_NAME = "$(TARGET_NAME)";
			};
			name = Debug;
		};
		DA3501AF1C880A27006A41A5 /* Release */ = {
			isa = XCBuildConfiguration;
			buildSettings = {
				ASSETCATALOG_COMPILER_APPICON_NAME = AppIcon;
				INFOPLIST_FILE = conscious/Info.plist;
				LD_RUNPATH_SEARCH_PATHS = "$(inherited) @executable_path/Frameworks";
				PRODUCT_BUNDLE_IDENTIFIER = world.conscious.conscious;
				PRODUCT_NAME = "$(TARGET_NAME)";
			};
			name = Release;
		};
/* End XCBuildConfiguration section */

/* Begin XCConfigurationList section */
		DA3501961C880A27006A41A5 /* Build configuration list for PBXProject "conscious" */ = {
			isa = XCConfigurationList;
			buildConfigurations = (
				DA3501AB1C880A27006A41A5 /* Debug */,
				DA3501AC1C880A27006A41A5 /* Release */,
			);
			defaultConfigurationIsVisible = 0;
			defaultConfigurationName = Release;
		};
		DA3501AD1C880A27006A41A5 /* Build configuration list for PBXNativeTarget "conscious" */ = {
			isa = XCConfigurationList;
			buildConfigurations = (
				DA3501AE1C880A27006A41A5 /* Debug */,
				DA3501AF1C880A27006A41A5 /* Release */,
			);
			defaultConfigurationIsVisible = 0;
			defaultConfigurationName = Release;
		};
/* End XCConfigurationList section */
	};
	rootObject = DA3501931C880A27006A41A5 /* Project object */;
}
