// !$*UTF8*$!
{
	archiveVersion = 1;
	classes = {
	};
	objectVersion = 46;
	objects = {

/* Begin PBXBuildFile section */
		5C3E9EB71C959ECC00936753 /* DynamicColor.swift in Sources */ = {isa = PBXBuildFile; fileRef = 5C3E9EB51C959ECC00936753 /* DynamicColor.swift */; };
		5C3E9EB81C959ECC00936753 /* HSL.swift in Sources */ = {isa = PBXBuildFile; fileRef = 5C3E9EB61C959ECC00936753 /* HSL.swift */; };
		5C822B461C96786C00D085B1 /* Sector.swift in Sources */ = {isa = PBXBuildFile; fileRef = 5C822B451C96786C00D085B1 /* Sector.swift */; };
		5CB0BA151C9291C20045901F /* media_meditation.storyboard in Resources */ = {isa = PBXBuildFile; fileRef = 5CB0BA141C9291C20045901F /* media_meditation.storyboard */; };
		5CCB321D1C93FEDA00EB656E /* MentalStateView.swift in Sources */ = {isa = PBXBuildFile; fileRef = 5CCB321C1C93FEDA00EB656E /* MentalStateView.swift */; };
		5CCB32231C95044A00EB656E /* MentalStateViewController.swift in Sources */ = {isa = PBXBuildFile; fileRef = 5CCB32221C95044A00EB656E /* MentalStateViewController.swift */; };
		5CCB32261C9508D500EB656E /* mental_state.storyboard in Resources */ = {isa = PBXBuildFile; fileRef = 5CCB32251C9508D500EB656E /* mental_state.storyboard */; };
		D923E6254EE0B63CF62F6076 /* libPods-conscious.a in Frameworks */ = {isa = PBXBuildFile; fileRef = 40F07EF925CB2A44E1843088 /* libPods-conscious.a */; };
		DA35019F1C880A27006A41A5 /* AppDelegate.swift in Sources */ = {isa = PBXBuildFile; fileRef = DA35019E1C880A27006A41A5 /* AppDelegate.swift */; };
		DA3501A11C880A27006A41A5 /* HomeTableViewController.swift in Sources */ = {isa = PBXBuildFile; fileRef = DA3501A01C880A27006A41A5 /* HomeTableViewController.swift */; };
		DA3501A41C880A27006A41A5 /* Main.storyboard in Resources */ = {isa = PBXBuildFile; fileRef = DA3501A21C880A27006A41A5 /* Main.storyboard */; };
		DA3501A61C880A27006A41A5 /* Assets.xcassets in Resources */ = {isa = PBXBuildFile; fileRef = DA3501A51C880A27006A41A5 /* Assets.xcassets */; };
		DA3501A91C880A27006A41A5 /* LaunchScreen.storyboard in Resources */ = {isa = PBXBuildFile; fileRef = DA3501A71C880A27006A41A5 /* LaunchScreen.storyboard */; };
		DA3501B31C88111A006A41A5 /* HistoryTableViewCell.swift in Sources */ = {isa = PBXBuildFile; fileRef = DA3501B21C88111A006A41A5 /* HistoryTableViewCell.swift */; };
		DA3501B51C88112D006A41A5 /* CallToActionTableViewCell.swift in Sources */ = {isa = PBXBuildFile; fileRef = DA3501B41C88112D006A41A5 /* CallToActionTableViewCell.swift */; };
		DA3501B71C881140006A41A5 /* CategoryTableViewCell.swift in Sources */ = {isa = PBXBuildFile; fileRef = DA3501B61C881140006A41A5 /* CategoryTableViewCell.swift */; };
		DA3501B91C88115B006A41A5 /* MediaTableViewCell.swift in Sources */ = {isa = PBXBuildFile; fileRef = DA3501B81C88115B006A41A5 /* MediaTableViewCell.swift */; };
		DA3501BC1C881F07006A41A5 /* TimerViewController.swift in Sources */ = {isa = PBXBuildFile; fileRef = DA3501BB1C881F07006A41A5 /* TimerViewController.swift */; };
		DA3501C01C8A749E006A41A5 /* CategoryViewController.swift in Sources */ = {isa = PBXBuildFile; fileRef = DA3501BF1C8A749E006A41A5 /* CategoryViewController.swift */; };
		DA3501C21C8A7E9A006A41A5 /* MediaViewController.swift in Sources */ = {isa = PBXBuildFile; fileRef = DA3501C11C8A7E9A006A41A5 /* MediaViewController.swift */; };
		DA3501C91C8CCDF5006A41A5 /* Category.swift in Sources */ = {isa = PBXBuildFile; fileRef = DA3501C81C8CCDF5006A41A5 /* Category.swift */; };
		DA3501CB1C8CCE00006A41A5 /* History.swift in Sources */ = {isa = PBXBuildFile; fileRef = DA3501CA1C8CCE00006A41A5 /* History.swift */; };
		DA3501CD1C8CCE23006A41A5 /* Media.swift in Sources */ = {isa = PBXBuildFile; fileRef = DA3501CC1C8CCE23006A41A5 /* Media.swift */; };
		DA3501CF1C8CCE3D006A41A5 /* TimerSettings.swift in Sources */ = {isa = PBXBuildFile; fileRef = DA3501CE1C8CCE3D006A41A5 /* TimerSettings.swift */; };
		DA3501D11C8CD27B006A41A5 /* TimerSettingsTableViewController.swift in Sources */ = {isa = PBXBuildFile; fileRef = DA3501D01C8CD27B006A41A5 /* TimerSettingsTableViewController.swift */; };
		DA3501D61C8CE4FC006A41A5 /* MARC5MinuteBreathing.mp3 in Resources */ = {isa = PBXBuildFile; fileRef = DA3501D51C8CE4FC006A41A5 /* MARC5MinuteBreathing.mp3 */; };
		DA3501DA1C8CEDDB006A41A5 /* ReverbOutput.swift in Sources */ = {isa = PBXBuildFile; fileRef = DA3501D91C8CEDDB006A41A5 /* ReverbOutput.swift */; };
		DA3501E21C8FDECA006A41A5 /* beach1.gif in Resources */ = {isa = PBXBuildFile; fileRef = DA3501DC1C8FDECA006A41A5 /* beach1.gif */; };
		DA3501E31C8FDECA006A41A5 /* cloudssf.gif in Resources */ = {isa = PBXBuildFile; fileRef = DA3501DD1C8FDECA006A41A5 /* cloudssf.gif */; };
		DA3501E41C8FDECA006A41A5 /* river1.gif in Resources */ = {isa = PBXBuildFile; fileRef = DA3501DE1C8FDECA006A41A5 /* river1.gif */; };
		DA3501E51C8FDECA006A41A5 /* sunset1.gif in Resources */ = {isa = PBXBuildFile; fileRef = DA3501DF1C8FDECA006A41A5 /* sunset1.gif */; };
		DA3501E61C8FDECA006A41A5 /* waterfall1.gif in Resources */ = {isa = PBXBuildFile; fileRef = DA3501E01C8FDECA006A41A5 /* waterfall1.gif */; };
		DA3501E71C8FDECA006A41A5 /* waterfall2.gif in Resources */ = {isa = PBXBuildFile; fileRef = DA3501E11C8FDECA006A41A5 /* waterfall2.gif */; };
		DA3501E91C8FF1AB006A41A5 /* AudioToolbox.framework in Frameworks */ = {isa = PBXBuildFile; fileRef = DA3501E81C8FF1AB006A41A5 /* AudioToolbox.framework */; };
		DA3501EB1C8FF439006A41A5 /* AVFoundation.framework in Frameworks */ = {isa = PBXBuildFile; fileRef = DA3501EA1C8FF439006A41A5 /* AVFoundation.framework */; };
		DA3501F11C8FFBC0006A41A5 /* rain.mp3 in Resources */ = {isa = PBXBuildFile; fileRef = DA3501F01C8FFBC0006A41A5 /* rain.mp3 */; };
		DA3501F61C926A34006A41A5 /* timed_meditation.storyboard in Resources */ = {isa = PBXBuildFile; fileRef = DA3501F51C926A34006A41A5 /* timed_meditation.storyboard */; };
		DA3501FA1C927046006A41A5 /* TimePickerView.swift in Sources */ = {isa = PBXBuildFile; fileRef = DA3501F91C927046006A41A5 /* TimePickerView.swift */; };
		DA3501FD1C94D184006A41A5 /* SettingCheckboxTableViewCell.swift in Sources */ = {isa = PBXBuildFile; fileRef = DA3501FC1C94D184006A41A5 /* SettingCheckboxTableViewCell.swift */; };
		DA3501FF1C94D32D006A41A5 /* SelectableSettingViewController.swift in Sources */ = {isa = PBXBuildFile; fileRef = DA3501FE1C94D32D006A41A5 /* SelectableSettingViewController.swift */; };
		DA3502031C94E63C006A41A5 /* SimpleSelectableSetting.swift in Sources */ = {isa = PBXBuildFile; fileRef = DA3502021C94E63C006A41A5 /* SimpleSelectableSetting.swift */; };
		DA3502071C951731006A41A5 /* waves.mp3 in Resources */ = {isa = PBXBuildFile; fileRef = DA3502061C951731006A41A5 /* waves.mp3 */; };
		DA3502091C951803006A41A5 /* bells.mp3 in Resources */ = {isa = PBXBuildFile; fileRef = DA3502081C951803006A41A5 /* bells.mp3 */; };
		DA35020B1C951869006A41A5 /* bowl.mp3 in Resources */ = {isa = PBXBuildFile; fileRef = DA35020A1C951869006A41A5 /* bowl.mp3 */; };
		DA35020F1C951CE2006A41A5 /* crickets.mp3 in Resources */ = {isa = PBXBuildFile; fileRef = DA35020E1C951CE2006A41A5 /* crickets.mp3 */; };
		DA3502111C9641F1006A41A5 /* Meditation.swift in Sources */ = {isa = PBXBuildFile; fileRef = DA3502101C9641F1006A41A5 /* Meditation.swift */; };
/* End PBXBuildFile section */

/* Begin PBXFileReference section */
		40F07EF925CB2A44E1843088 /* libPods-conscious.a */ = {isa = PBXFileReference; explicitFileType = archive.ar; includeInIndex = 0; path = "libPods-conscious.a"; sourceTree = BUILT_PRODUCTS_DIR; };
		5C3E9EB51C959ECC00936753 /* DynamicColor.swift */ = {isa = PBXFileReference; fileEncoding = 4; lastKnownFileType = sourcecode.swift; name = DynamicColor.swift; path = "../../../../../../../../Downloads/DynamicColor-master/Sources/DynamicColor.swift"; sourceTree = "<group>"; };
		5C3E9EB61C959ECC00936753 /* HSL.swift */ = {isa = PBXFileReference; fileEncoding = 4; lastKnownFileType = sourcecode.swift; name = HSL.swift; path = "../../../../../../../../Downloads/DynamicColor-master/Sources/HSL.swift"; sourceTree = "<group>"; };
		5C822B451C96786C00D085B1 /* Sector.swift */ = {isa = PBXFileReference; fileEncoding = 4; lastKnownFileType = sourcecode.swift; path = Sector.swift; sourceTree = "<group>"; };
		5CB0BA141C9291C20045901F /* media_meditation.storyboard */ = {isa = PBXFileReference; fileEncoding = 4; lastKnownFileType = file.storyboard; path = media_meditation.storyboard; sourceTree = "<group>"; };
		5CCB321C1C93FEDA00EB656E /* MentalStateView.swift */ = {isa = PBXFileReference; fileEncoding = 4; lastKnownFileType = sourcecode.swift; path = MentalStateView.swift; sourceTree = "<group>"; };
		5CCB32221C95044A00EB656E /* MentalStateViewController.swift */ = {isa = PBXFileReference; fileEncoding = 4; lastKnownFileType = sourcecode.swift; path = MentalStateViewController.swift; sourceTree = "<group>"; };
		5CCB32251C9508D500EB656E /* mental_state.storyboard */ = {isa = PBXFileReference; fileEncoding = 4; lastKnownFileType = file.storyboard; path = mental_state.storyboard; sourceTree = "<group>"; };
		8F0A3CA90B5EAA920D64E307 /* Pods-conscious.debug.xcconfig */ = {isa = PBXFileReference; includeInIndex = 1; lastKnownFileType = text.xcconfig; name = "Pods-conscious.debug.xcconfig"; path = "Pods/Target Support Files/Pods-conscious/Pods-conscious.debug.xcconfig"; sourceTree = "<group>"; };
		B24AE942D5D41CCB7D7F2C51 /* Pods-conscious.release.xcconfig */ = {isa = PBXFileReference; includeInIndex = 1; lastKnownFileType = text.xcconfig; name = "Pods-conscious.release.xcconfig"; path = "Pods/Target Support Files/Pods-conscious/Pods-conscious.release.xcconfig"; sourceTree = "<group>"; };
		DA35019B1C880A27006A41A5 /* conscious.app */ = {isa = PBXFileReference; explicitFileType = wrapper.application; includeInIndex = 0; path = conscious.app; sourceTree = BUILT_PRODUCTS_DIR; };
		DA35019E1C880A27006A41A5 /* AppDelegate.swift */ = {isa = PBXFileReference; lastKnownFileType = sourcecode.swift; path = AppDelegate.swift; sourceTree = "<group>"; };
		DA3501A01C880A27006A41A5 /* HomeTableViewController.swift */ = {isa = PBXFileReference; lastKnownFileType = sourcecode.swift; path = HomeTableViewController.swift; sourceTree = "<group>"; };
		DA3501A31C880A27006A41A5 /* Base */ = {isa = PBXFileReference; lastKnownFileType = file.storyboard; name = Base; path = Base.lproj/Main.storyboard; sourceTree = "<group>"; };
		DA3501A51C880A27006A41A5 /* Assets.xcassets */ = {isa = PBXFileReference; lastKnownFileType = folder.assetcatalog; path = Assets.xcassets; sourceTree = "<group>"; };
		DA3501A81C880A27006A41A5 /* Base */ = {isa = PBXFileReference; lastKnownFileType = file.storyboard; name = Base; path = Base.lproj/LaunchScreen.storyboard; sourceTree = "<group>"; };
		DA3501AA1C880A27006A41A5 /* Info.plist */ = {isa = PBXFileReference; lastKnownFileType = text.plist.xml; path = Info.plist; sourceTree = "<group>"; };
		DA3501B21C88111A006A41A5 /* HistoryTableViewCell.swift */ = {isa = PBXFileReference; fileEncoding = 4; lastKnownFileType = sourcecode.swift; path = HistoryTableViewCell.swift; sourceTree = "<group>"; };
		DA3501B41C88112D006A41A5 /* CallToActionTableViewCell.swift */ = {isa = PBXFileReference; fileEncoding = 4; lastKnownFileType = sourcecode.swift; path = CallToActionTableViewCell.swift; sourceTree = "<group>"; };
		DA3501B61C881140006A41A5 /* CategoryTableViewCell.swift */ = {isa = PBXFileReference; fileEncoding = 4; lastKnownFileType = sourcecode.swift; path = CategoryTableViewCell.swift; sourceTree = "<group>"; };
		DA3501B81C88115B006A41A5 /* MediaTableViewCell.swift */ = {isa = PBXFileReference; fileEncoding = 4; lastKnownFileType = sourcecode.swift; path = MediaTableViewCell.swift; sourceTree = "<group>"; };
		DA3501BB1C881F07006A41A5 /* TimerViewController.swift */ = {isa = PBXFileReference; fileEncoding = 4; lastKnownFileType = sourcecode.swift; path = TimerViewController.swift; sourceTree = "<group>"; };
		DA3501BF1C8A749E006A41A5 /* CategoryViewController.swift */ = {isa = PBXFileReference; fileEncoding = 4; lastKnownFileType = sourcecode.swift; path = CategoryViewController.swift; sourceTree = "<group>"; };
		DA3501C11C8A7E9A006A41A5 /* MediaViewController.swift */ = {isa = PBXFileReference; fileEncoding = 4; lastKnownFileType = sourcecode.swift; path = MediaViewController.swift; sourceTree = "<group>"; };
		DA3501C81C8CCDF5006A41A5 /* Category.swift */ = {isa = PBXFileReference; fileEncoding = 4; lastKnownFileType = sourcecode.swift; path = Category.swift; sourceTree = "<group>"; };
		DA3501CA1C8CCE00006A41A5 /* History.swift */ = {isa = PBXFileReference; fileEncoding = 4; lastKnownFileType = sourcecode.swift; path = History.swift; sourceTree = "<group>"; };
		DA3501CC1C8CCE23006A41A5 /* Media.swift */ = {isa = PBXFileReference; fileEncoding = 4; lastKnownFileType = sourcecode.swift; path = Media.swift; sourceTree = "<group>"; };
		DA3501CE1C8CCE3D006A41A5 /* TimerSettings.swift */ = {isa = PBXFileReference; fileEncoding = 4; lastKnownFileType = sourcecode.swift; path = TimerSettings.swift; sourceTree = "<group>"; };
		DA3501D01C8CD27B006A41A5 /* TimerSettingsTableViewController.swift */ = {isa = PBXFileReference; fileEncoding = 4; lastKnownFileType = sourcecode.swift; path = TimerSettingsTableViewController.swift; sourceTree = "<group>"; };
		DA3501D51C8CE4FC006A41A5 /* MARC5MinuteBreathing.mp3 */ = {isa = PBXFileReference; lastKnownFileType = audio.mp3; path = MARC5MinuteBreathing.mp3; sourceTree = "<group>"; };
		DA3501D71C8CE9EA006A41A5 /* conscios-Bridging-Header.h */ = {isa = PBXFileReference; lastKnownFileType = sourcecode.c.h; path = "conscios-Bridging-Header.h"; sourceTree = "<group>"; };
		DA3501D91C8CEDDB006A41A5 /* ReverbOutput.swift */ = {isa = PBXFileReference; fileEncoding = 4; lastKnownFileType = sourcecode.swift; path = ReverbOutput.swift; sourceTree = "<group>"; };
		DA3501DC1C8FDECA006A41A5 /* beach1.gif */ = {isa = PBXFileReference; lastKnownFileType = image.gif; path = beach1.gif; sourceTree = "<group>"; };
		DA3501DD1C8FDECA006A41A5 /* cloudssf.gif */ = {isa = PBXFileReference; lastKnownFileType = image.gif; path = cloudssf.gif; sourceTree = "<group>"; };
		DA3501DE1C8FDECA006A41A5 /* river1.gif */ = {isa = PBXFileReference; lastKnownFileType = image.gif; path = river1.gif; sourceTree = "<group>"; };
		DA3501DF1C8FDECA006A41A5 /* sunset1.gif */ = {isa = PBXFileReference; lastKnownFileType = image.gif; path = sunset1.gif; sourceTree = "<group>"; };
		DA3501E01C8FDECA006A41A5 /* waterfall1.gif */ = {isa = PBXFileReference; lastKnownFileType = image.gif; path = waterfall1.gif; sourceTree = "<group>"; };
		DA3501E11C8FDECA006A41A5 /* waterfall2.gif */ = {isa = PBXFileReference; lastKnownFileType = image.gif; path = waterfall2.gif; sourceTree = "<group>"; };
		DA3501E81C8FF1AB006A41A5 /* AudioToolbox.framework */ = {isa = PBXFileReference; lastKnownFileType = wrapper.framework; name = AudioToolbox.framework; path = System/Library/Frameworks/AudioToolbox.framework; sourceTree = SDKROOT; };
		DA3501EA1C8FF439006A41A5 /* AVFoundation.framework */ = {isa = PBXFileReference; lastKnownFileType = wrapper.framework; name = AVFoundation.framework; path = System/Library/Frameworks/AVFoundation.framework; sourceTree = SDKROOT; };
		DA3501F01C8FFBC0006A41A5 /* rain.mp3 */ = {isa = PBXFileReference; lastKnownFileType = audio.mp3; path = rain.mp3; sourceTree = "<group>"; };
		DA3501F51C926A34006A41A5 /* timed_meditation.storyboard */ = {isa = PBXFileReference; fileEncoding = 4; lastKnownFileType = file.storyboard; path = timed_meditation.storyboard; sourceTree = "<group>"; };
		DA3501F91C927046006A41A5 /* TimePickerView.swift */ = {isa = PBXFileReference; fileEncoding = 4; lastKnownFileType = sourcecode.swift; path = TimePickerView.swift; sourceTree = "<group>"; };
		DA3501FC1C94D184006A41A5 /* SettingCheckboxTableViewCell.swift */ = {isa = PBXFileReference; fileEncoding = 4; lastKnownFileType = sourcecode.swift; path = SettingCheckboxTableViewCell.swift; sourceTree = "<group>"; };
		DA3501FE1C94D32D006A41A5 /* SelectableSettingViewController.swift */ = {isa = PBXFileReference; fileEncoding = 4; lastKnownFileType = sourcecode.swift; path = SelectableSettingViewController.swift; sourceTree = "<group>"; };
		DA3502021C94E63C006A41A5 /* SimpleSelectableSetting.swift */ = {isa = PBXFileReference; fileEncoding = 4; lastKnownFileType = sourcecode.swift; path = SimpleSelectableSetting.swift; sourceTree = "<group>"; };
		DA3502061C951731006A41A5 /* waves.mp3 */ = {isa = PBXFileReference; lastKnownFileType = audio.mp3; path = waves.mp3; sourceTree = "<group>"; };
		DA3502081C951803006A41A5 /* bells.mp3 */ = {isa = PBXFileReference; lastKnownFileType = audio.mp3; path = bells.mp3; sourceTree = "<group>"; };
		DA35020A1C951869006A41A5 /* bowl.mp3 */ = {isa = PBXFileReference; lastKnownFileType = audio.mp3; path = bowl.mp3; sourceTree = "<group>"; };
		DA35020E1C951CE2006A41A5 /* crickets.mp3 */ = {isa = PBXFileReference; lastKnownFileType = audio.mp3; path = crickets.mp3; sourceTree = "<group>"; };
		DA3502101C9641F1006A41A5 /* Meditation.swift */ = {isa = PBXFileReference; fileEncoding = 4; lastKnownFileType = sourcecode.swift; path = Meditation.swift; sourceTree = "<group>"; };
/* End PBXFileReference section */

/* Begin PBXFrameworksBuildPhase section */
		DA3501981C880A27006A41A5 /* Frameworks */ = {
			isa = PBXFrameworksBuildPhase;
			buildActionMask = 2147483647;
			files = (
				DA3501EB1C8FF439006A41A5 /* AVFoundation.framework in Frameworks */,
				DA3501E91C8FF1AB006A41A5 /* AudioToolbox.framework in Frameworks */,
				D923E6254EE0B63CF62F6076 /* libPods-conscious.a in Frameworks */,
			);
			runOnlyForDeploymentPostprocessing = 0;
		};
/* End PBXFrameworksBuildPhase section */

/* Begin PBXGroup section */
		08411C9DA7095F834BE95345 /* Pods */ = {
			isa = PBXGroup;
			children = (
				8F0A3CA90B5EAA920D64E307 /* Pods-conscious.debug.xcconfig */,
				B24AE942D5D41CCB7D7F2C51 /* Pods-conscious.release.xcconfig */,
			);
			name = Pods;
			sourceTree = "<group>";
		};
		5C822B431C96782300D085B1 /* Models */ = {
			isa = PBXGroup;
			children = (
				5C822B451C96786C00D085B1 /* Sector.swift */,
			);
			name = Models;
			sourceTree = "<group>";
		};
		5C822B441C96782B00D085B1 /* Controllers */ = {
			isa = PBXGroup;
			children = (
				5CCB32221C95044A00EB656E /* MentalStateViewController.swift */,
			);
			name = Controllers;
			sourceTree = "<group>";
		};
		5CB0BA111C92916B0045901F /* media_meditation */ = {
			isa = PBXGroup;
			children = (
				5CB0BA131C92917F0045901F /* Models */,
				5CB0BA121C9291740045901F /* Controllers */,
				5CB0BA141C9291C20045901F /* media_meditation.storyboard */,
			);
			name = media_meditation;
			sourceTree = "<group>";
		};
		5CB0BA121C9291740045901F /* Controllers */ = {
			isa = PBXGroup;
			children = (
				DA3501C11C8A7E9A006A41A5 /* MediaViewController.swift */,
			);
			name = Controllers;
			sourceTree = "<group>";
		};
		5CB0BA131C92917F0045901F /* Models */ = {
			isa = PBXGroup;
			children = (
				DA3501CC1C8CCE23006A41A5 /* Media.swift */,
			);
			name = Models;
			sourceTree = "<group>";
		};
		5CCB32241C9508A100EB656E /* mental_state */ = {
			isa = PBXGroup;
			children = (
				5C822B441C96782B00D085B1 /* Controllers */,
				5C822B431C96782300D085B1 /* Models */,
				5CCB321C1C93FEDA00EB656E /* MentalStateView.swift */,
				5CCB32251C9508D500EB656E /* mental_state.storyboard */,
			);
			name = mental_state;
			sourceTree = "<group>";
		};
		D9D6E06B6FE8CF0D49E40748 /* Frameworks */ = {
			isa = PBXGroup;
			children = (
				DA3501EA1C8FF439006A41A5 /* AVFoundation.framework */,
				DA3501E81C8FF1AB006A41A5 /* AudioToolbox.framework */,
				40F07EF925CB2A44E1843088 /* libPods-conscious.a */,
			);
			name = Frameworks;
			sourceTree = "<group>";
		};
		DA3501921C880A27006A41A5 = {
			isa = PBXGroup;
			children = (
				DA35019D1C880A27006A41A5 /* conscious */,
				DA35019C1C880A27006A41A5 /* Products */,
				08411C9DA7095F834BE95345 /* Pods */,
				D9D6E06B6FE8CF0D49E40748 /* Frameworks */,
			);
			sourceTree = "<group>";
		};
		DA35019C1C880A27006A41A5 /* Products */ = {
			isa = PBXGroup;
			children = (
				DA35019B1C880A27006A41A5 /* conscious.app */,
			);
			name = Products;
			sourceTree = "<group>";
		};
		DA35019D1C880A27006A41A5 /* conscious */ = {
			isa = PBXGroup;
			children = (
				5CCB32241C9508A100EB656E /* mental_state */,
				5CB0BA111C92916B0045901F /* media_meditation */,
				DA3501F41C926A11006A41A5 /* timed_mediation */,
				DA3501DB1C8FDDA6006A41A5 /* backgroundImages */,
				DA3501D21C8CE4D0006A41A5 /* Audio */,
				DA3501C71C8CCDD3006A41A5 /* Models */,
				DA3501BA1C881ED3006A41A5 /* ViewControllers */,
				DA3501B01C8810DC006A41A5 /* views */,
				DA35019E1C880A27006A41A5 /* AppDelegate.swift */,
				5C3E9EB51C959ECC00936753 /* DynamicColor.swift */,
				5C3E9EB61C959ECC00936753 /* HSL.swift */,
				DA3501A21C880A27006A41A5 /* Main.storyboard */,
				DA3501A51C880A27006A41A5 /* Assets.xcassets */,
				DA3501A71C880A27006A41A5 /* LaunchScreen.storyboard */,
				DA3501AA1C880A27006A41A5 /* Info.plist */,
				DA3501D71C8CE9EA006A41A5 /* conscios-Bridging-Header.h */,
			);
			path = conscious;
			sourceTree = "<group>";
		};
		DA3501B01C8810DC006A41A5 /* views */ = {
			isa = PBXGroup;
			children = (
				DA3501B11C8810E6006A41A5 /* cells */,
			);
			name = views;
			sourceTree = "<group>";
		};
		DA3501B11C8810E6006A41A5 /* cells */ = {
			isa = PBXGroup;
			children = (
				DA3501B21C88111A006A41A5 /* HistoryTableViewCell.swift */,
				DA3501B41C88112D006A41A5 /* CallToActionTableViewCell.swift */,
				DA3501B61C881140006A41A5 /* CategoryTableViewCell.swift */,
				DA3501B81C88115B006A41A5 /* MediaTableViewCell.swift */,
			);
			name = cells;
			sourceTree = "<group>";
		};
		DA3501BA1C881ED3006A41A5 /* ViewControllers */ = {
			isa = PBXGroup;
			children = (
				DA3501A01C880A27006A41A5 /* HomeTableViewController.swift */,
				DA3501BF1C8A749E006A41A5 /* CategoryViewController.swift */,
			);
			name = ViewControllers;
			sourceTree = "<group>";
		};
		DA3501C71C8CCDD3006A41A5 /* Models */ = {
			isa = PBXGroup;
			children = (
				DA3501D81C8CEDB5006A41A5 /* AudioEffects */,
				DA3501C81C8CCDF5006A41A5 /* Category.swift */,
				DA3501CA1C8CCE00006A41A5 /* History.swift */,
				DA3502101C9641F1006A41A5 /* Meditation.swift */,
			);
			name = Models;
			sourceTree = "<group>";
		};
		DA3501D21C8CE4D0006A41A5 /* Audio */ = {
			isa = PBXGroup;
			children = (
				DA3501D41C8CE4EC006A41A5 /* Sounds */,
				DA3501D31C8CE4E1006A41A5 /* Media */,
			);
			name = Audio;
			sourceTree = "<group>";
		};
		DA3501D31C8CE4E1006A41A5 /* Media */ = {
			isa = PBXGroup;
			children = (
				DA3501D51C8CE4FC006A41A5 /* MARC5MinuteBreathing.mp3 */,
			);
			name = Media;
			sourceTree = "<group>";
		};
		DA3501D41C8CE4EC006A41A5 /* Sounds */ = {
			isa = PBXGroup;
			children = (
				DA3502061C951731006A41A5 /* waves.mp3 */,
				DA3502081C951803006A41A5 /* bells.mp3 */,
				DA35020E1C951CE2006A41A5 /* crickets.mp3 */,
				DA35020A1C951869006A41A5 /* bowl.mp3 */,
				DA3501F01C8FFBC0006A41A5 /* rain.mp3 */,
			);
			name = Sounds;
			sourceTree = "<group>";
		};
		DA3501D81C8CEDB5006A41A5 /* AudioEffects */ = {
			isa = PBXGroup;
			children = (
				DA3501D91C8CEDDB006A41A5 /* ReverbOutput.swift */,
			);
			name = AudioEffects;
			sourceTree = "<group>";
		};
		DA3501DB1C8FDDA6006A41A5 /* backgroundImages */ = {
			isa = PBXGroup;
			children = (
				DA3501DC1C8FDECA006A41A5 /* beach1.gif */,
				DA3501DD1C8FDECA006A41A5 /* cloudssf.gif */,
				DA3501DE1C8FDECA006A41A5 /* river1.gif */,
				DA3501DF1C8FDECA006A41A5 /* sunset1.gif */,
				DA3501E01C8FDECA006A41A5 /* waterfall1.gif */,
				DA3501E11C8FDECA006A41A5 /* waterfall2.gif */,
			);
			name = backgroundImages;
			sourceTree = "<group>";
		};
		DA3501F41C926A11006A41A5 /* timed_mediation */ = {
			isa = PBXGroup;
			children = (
				DA3501FB1C9277E0006A41A5 /* Views */,
				DA3501F81C926A7B006A41A5 /* Controllers */,
				DA3501F71C926A6B006A41A5 /* Models */,
				DA3501F51C926A34006A41A5 /* timed_meditation.storyboard */,
			);
			name = timed_mediation;
			sourceTree = "<group>";
		};
		DA3501F71C926A6B006A41A5 /* Models */ = {
			isa = PBXGroup;
			children = (
				DA3501CE1C8CCE3D006A41A5 /* TimerSettings.swift */,
				DA3502021C94E63C006A41A5 /* SimpleSelectableSetting.swift */,
			);
			name = Models;
			sourceTree = "<group>";
		};
		DA3501F81C926A7B006A41A5 /* Controllers */ = {
			isa = PBXGroup;
			children = (
				DA3501BB1C881F07006A41A5 /* TimerViewController.swift */,
				DA3501D01C8CD27B006A41A5 /* TimerSettingsTableViewController.swift */,
				DA3501FE1C94D32D006A41A5 /* SelectableSettingViewController.swift */,
			);
			name = Controllers;
			sourceTree = "<group>";
		};
		DA3501FB1C9277E0006A41A5 /* Views */ = {
			isa = PBXGroup;
			children = (
				DA3501F91C927046006A41A5 /* TimePickerView.swift */,
				DA3501FC1C94D184006A41A5 /* SettingCheckboxTableViewCell.swift */,
			);
			name = Views;
			sourceTree = "<group>";
		};
/* End PBXGroup section */

/* Begin PBXNativeTarget section */
		DA35019A1C880A27006A41A5 /* conscious */ = {
			isa = PBXNativeTarget;
			buildConfigurationList = DA3501AD1C880A27006A41A5 /* Build configuration list for PBXNativeTarget "conscious" */;
			buildPhases = (
				CC8AFFFBA89E4666D98415D0 /* Check Pods Manifest.lock */,
				DA3501971C880A27006A41A5 /* Sources */,
				DA3501981C880A27006A41A5 /* Frameworks */,
				DA3501991C880A27006A41A5 /* Resources */,
				9652F8D4E83DDAFBBCE97463 /* Embed Pods Frameworks */,
				2ED8234092F947F4A180874B /* Copy Pods Resources */,
			);
			buildRules = (
			);
			dependencies = (
			);
			name = conscious;
			productName = conscious;
			productReference = DA35019B1C880A27006A41A5 /* conscious.app */;
			productType = "com.apple.product-type.application";
		};
/* End PBXNativeTarget section */

/* Begin PBXProject section */
		DA3501931C880A27006A41A5 /* Project object */ = {
			isa = PBXProject;
			attributes = {
				LastSwiftUpdateCheck = 0720;
				LastUpgradeCheck = 0720;
				ORGANIZATIONNAME = "Conscious World";
				TargetAttributes = {
					DA35019A1C880A27006A41A5 = {
						CreatedOnToolsVersion = 7.2;
						DevelopmentTeam = 4AS52V979F;
					};
				};
			};
			buildConfigurationList = DA3501961C880A27006A41A5 /* Build configuration list for PBXProject "conscious" */;
			compatibilityVersion = "Xcode 3.2";
			developmentRegion = English;
			hasScannedForEncodings = 0;
			knownRegions = (
				en,
				Base,
			);
			mainGroup = DA3501921C880A27006A41A5;
			productRefGroup = DA35019C1C880A27006A41A5 /* Products */;
			projectDirPath = "";
			projectRoot = "";
			targets = (
				DA35019A1C880A27006A41A5 /* conscious */,
			);
		};
/* End PBXProject section */

/* Begin PBXResourcesBuildPhase section */
		DA3501991C880A27006A41A5 /* Resources */ = {
			isa = PBXResourcesBuildPhase;
			buildActionMask = 2147483647;
			files = (
				DA3501D61C8CE4FC006A41A5 /* MARC5MinuteBreathing.mp3 in Resources */,
				5CB0BA151C9291C20045901F /* media_meditation.storyboard in Resources */,
				DA3501A91C880A27006A41A5 /* LaunchScreen.storyboard in Resources */,
				DA3501E51C8FDECA006A41A5 /* sunset1.gif in Resources */,
				DA3501E61C8FDECA006A41A5 /* waterfall1.gif in Resources */,
				DA3501A61C880A27006A41A5 /* Assets.xcassets in Resources */,
				DA3501F11C8FFBC0006A41A5 /* rain.mp3 in Resources */,
				DA35020F1C951CE2006A41A5 /* crickets.mp3 in Resources */,
				DA3501E31C8FDECA006A41A5 /* cloudssf.gif in Resources */,
				DA3501E71C8FDECA006A41A5 /* waterfall2.gif in Resources */,
				DA3501F61C926A34006A41A5 /* timed_meditation.storyboard in Resources */,
				DA3501E41C8FDECA006A41A5 /* river1.gif in Resources */,
				DA35020B1C951869006A41A5 /* bowl.mp3 in Resources */,
				DA3502071C951731006A41A5 /* waves.mp3 in Resources */,
				DA3501A41C880A27006A41A5 /* Main.storyboard in Resources */,
				DA3501E21C8FDECA006A41A5 /* beach1.gif in Resources */,
				DA3502091C951803006A41A5 /* bells.mp3 in Resources */,
				5CCB32261C9508D500EB656E /* mental_state.storyboard in Resources */,
			);
			runOnlyForDeploymentPostprocessing = 0;
		};
/* End PBXResourcesBuildPhase section */

/* Begin PBXShellScriptBuildPhase section */
		2ED8234092F947F4A180874B /* Copy Pods Resources */ = {
			isa = PBXShellScriptBuildPhase;
			buildActionMask = 2147483647;
			files = (
			);
			inputPaths = (
			);
			name = "Copy Pods Resources";
			outputPaths = (
			);
			runOnlyForDeploymentPostprocessing = 0;
			shellPath = /bin/sh;
			shellScript = "\"${SRCROOT}/Pods/Target Support Files/Pods-conscious/Pods-conscious-resources.sh\"\n";
			showEnvVarsInLog = 0;
		};
		9652F8D4E83DDAFBBCE97463 /* Embed Pods Frameworks */ = {
			isa = PBXShellScriptBuildPhase;
			buildActionMask = 2147483647;
			files = (
			);
			inputPaths = (
			);
			name = "Embed Pods Frameworks";
			outputPaths = (
			);
			runOnlyForDeploymentPostprocessing = 0;
			shellPath = /bin/sh;
			shellScript = "\"${SRCROOT}/Pods/Target Support Files/Pods-conscious/Pods-conscious-frameworks.sh\"\n";
			showEnvVarsInLog = 0;
		};
		CC8AFFFBA89E4666D98415D0 /* Check Pods Manifest.lock */ = {
			isa = PBXShellScriptBuildPhase;
			buildActionMask = 2147483647;
			files = (
			);
			inputPaths = (
			);
			name = "Check Pods Manifest.lock";
			outputPaths = (
			);
			runOnlyForDeploymentPostprocessing = 0;
			shellPath = /bin/sh;
			shellScript = "diff \"${PODS_ROOT}/../Podfile.lock\" \"${PODS_ROOT}/Manifest.lock\" > /dev/null\nif [[ $? != 0 ]] ; then\n    cat << EOM\nerror: The sandbox is not in sync with the Podfile.lock. Run 'pod install' or update your CocoaPods installation.\nEOM\n    exit 1\nfi\n";
			showEnvVarsInLog = 0;
		};
/* End PBXShellScriptBuildPhase section */

/* Begin PBXSourcesBuildPhase section */
		DA3501971C880A27006A41A5 /* Sources */ = {
			isa = PBXSourcesBuildPhase;
			buildActionMask = 2147483647;
			files = (
				DA3501FD1C94D184006A41A5 /* SettingCheckboxTableViewCell.swift in Sources */,
				DA3501B71C881140006A41A5 /* CategoryTableViewCell.swift in Sources */,
				DA3501B31C88111A006A41A5 /* HistoryTableViewCell.swift in Sources */,
				DA3501A11C880A27006A41A5 /* HomeTableViewController.swift in Sources */,
				5C3E9EB81C959ECC00936753 /* HSL.swift in Sources */,
				DA3501DA1C8CEDDB006A41A5 /* ReverbOutput.swift in Sources */,
				DA3501BC1C881F07006A41A5 /* TimerViewController.swift in Sources */,
				DA3501C01C8A749E006A41A5 /* CategoryViewController.swift in Sources */,
				DA3501B51C88112D006A41A5 /* CallToActionTableViewCell.swift in Sources */,
				DA3502111C9641F1006A41A5 /* Meditation.swift in Sources */,
				DA3501FA1C927046006A41A5 /* TimePickerView.swift in Sources */,
				5C3E9EB71C959ECC00936753 /* DynamicColor.swift in Sources */,
				DA3501D11C8CD27B006A41A5 /* TimerSettingsTableViewController.swift in Sources */,
				DA3501CB1C8CCE00006A41A5 /* History.swift in Sources */,
				5C822B461C96786C00D085B1 /* Sector.swift in Sources */,
				DA3501B91C88115B006A41A5 /* MediaTableViewCell.swift in Sources */,
				DA3501C21C8A7E9A006A41A5 /* MediaViewController.swift in Sources */,
				DA3501CD1C8CCE23006A41A5 /* Media.swift in Sources */,
				DA3502031C94E63C006A41A5 /* SimpleSelectableSetting.swift in Sources */,
				DA35019F1C880A27006A41A5 /* AppDelegate.swift in Sources */,
				5CCB321D1C93FEDA00EB656E /* MentalStateView.swift in Sources */,
				5CCB32231C95044A00EB656E /* MentalStateViewController.swift in Sources */,
				DA3501CF1C8CCE3D006A41A5 /* TimerSettings.swift in Sources */,
				DA3501C91C8CCDF5006A41A5 /* Category.swift in Sources */,
				DA3501FF1C94D32D006A41A5 /* SelectableSettingViewController.swift in Sources */,
			);
			runOnlyForDeploymentPostprocessing = 0;
		};
/* End PBXSourcesBuildPhase section */

/* Begin PBXVariantGroup section */
		DA3501A21C880A27006A41A5 /* Main.storyboard */ = {
			isa = PBXVariantGroup;
			children = (
				DA3501A31C880A27006A41A5 /* Base */,
			);
			name = Main.storyboard;
			sourceTree = "<group>";
		};
		DA3501A71C880A27006A41A5 /* LaunchScreen.storyboard */ = {
			isa = PBXVariantGroup;
			children = (
				DA3501A81C880A27006A41A5 /* Base */,
			);
			name = LaunchScreen.storyboard;
			sourceTree = "<group>";
		};
/* End PBXVariantGroup section */

/* Begin XCBuildConfiguration section */
		DA3501AB1C880A27006A41A5 /* Debug */ = {
			isa = XCBuildConfiguration;
			buildSettings = {
				ALWAYS_SEARCH_USER_PATHS = NO;
				CLANG_CXX_LANGUAGE_STANDARD = "gnu++0x";
				CLANG_CXX_LIBRARY = "libc++";
				CLANG_ENABLE_MODULES = YES;
				CLANG_ENABLE_OBJC_ARC = YES;
				CLANG_WARN_BOOL_CONVERSION = YES;
				CLANG_WARN_CONSTANT_CONVERSION = YES;
				CLANG_WARN_DIRECT_OBJC_ISA_USAGE = YES_ERROR;
				CLANG_WARN_EMPTY_BODY = YES;
				CLANG_WARN_ENUM_CONVERSION = YES;
				CLANG_WARN_INT_CONVERSION = YES;
				CLANG_WARN_OBJC_ROOT_CLASS = YES_ERROR;
				CLANG_WARN_UNREACHABLE_CODE = YES;
				CLANG_WARN__DUPLICATE_METHOD_MATCH = YES;
				"CODE_SIGN_IDENTITY[sdk=iphoneos*]" = "iPhone Developer";
				COPY_PHASE_STRIP = NO;
				DEBUG_INFORMATION_FORMAT = dwarf;
				ENABLE_STRICT_OBJC_MSGSEND = YES;
				ENABLE_TESTABILITY = YES;
				GCC_C_LANGUAGE_STANDARD = gnu99;
				GCC_DYNAMIC_NO_PIC = NO;
				GCC_NO_COMMON_BLOCKS = YES;
				GCC_OPTIMIZATION_LEVEL = 0;
				GCC_PREPROCESSOR_DEFINITIONS = (
					"DEBUG=1",
					"$(inherited)",
				);
				GCC_WARN_64_TO_32_BIT_CONVERSION = YES;
				GCC_WARN_ABOUT_RETURN_TYPE = YES_ERROR;
				GCC_WARN_UNDECLARED_SELECTOR = YES;
				GCC_WARN_UNINITIALIZED_AUTOS = YES_AGGRESSIVE;
				GCC_WARN_UNUSED_FUNCTION = YES;
				GCC_WARN_UNUSED_VARIABLE = YES;
				IPHONEOS_DEPLOYMENT_TARGET = 9.2;
				MTL_ENABLE_DEBUG_INFO = YES;
				ONLY_ACTIVE_ARCH = YES;
				SDKROOT = iphoneos;
				SWIFT_OPTIMIZATION_LEVEL = "-Onone";
				TARGETED_DEVICE_FAMILY = "1,2";
			};
			name = Debug;
		};
		DA3501AC1C880A27006A41A5 /* Release */ = {
			isa = XCBuildConfiguration;
			buildSettings = {
				ALWAYS_SEARCH_USER_PATHS = NO;
				CLANG_CXX_LANGUAGE_STANDARD = "gnu++0x";
				CLANG_CXX_LIBRARY = "libc++";
				CLANG_ENABLE_MODULES = YES;
				CLANG_ENABLE_OBJC_ARC = YES;
				CLANG_WARN_BOOL_CONVERSION = YES;
				CLANG_WARN_CONSTANT_CONVERSION = YES;
				CLANG_WARN_DIRECT_OBJC_ISA_USAGE = YES_ERROR;
				CLANG_WARN_EMPTY_BODY = YES;
				CLANG_WARN_ENUM_CONVERSION = YES;
				CLANG_WARN_INT_CONVERSION = YES;
				CLANG_WARN_OBJC_ROOT_CLASS = YES_ERROR;
				CLANG_WARN_UNREACHABLE_CODE = YES;
				CLANG_WARN__DUPLICATE_METHOD_MATCH = YES;
				"CODE_SIGN_IDENTITY[sdk=iphoneos*]" = "iPhone Developer";
				COPY_PHASE_STRIP = NO;
				DEBUG_INFORMATION_FORMAT = "dwarf-with-dsym";
				ENABLE_NS_ASSERTIONS = NO;
				ENABLE_STRICT_OBJC_MSGSEND = YES;
				GCC_C_LANGUAGE_STANDARD = gnu99;
				GCC_NO_COMMON_BLOCKS = YES;
				GCC_WARN_64_TO_32_BIT_CONVERSION = YES;
				GCC_WARN_ABOUT_RETURN_TYPE = YES_ERROR;
				GCC_WARN_UNDECLARED_SELECTOR = YES;
				GCC_WARN_UNINITIALIZED_AUTOS = YES_AGGRESSIVE;
				GCC_WARN_UNUSED_FUNCTION = YES;
				GCC_WARN_UNUSED_VARIABLE = YES;
				IPHONEOS_DEPLOYMENT_TARGET = 9.2;
				MTL_ENABLE_DEBUG_INFO = NO;
				SDKROOT = iphoneos;
				TARGETED_DEVICE_FAMILY = "1,2";
				VALIDATE_PRODUCT = YES;
			};
			name = Release;
		};
		DA3501AE1C880A27006A41A5 /* Debug */ = {
			isa = XCBuildConfiguration;
			baseConfigurationReference = 8F0A3CA90B5EAA920D64E307 /* Pods-conscious.debug.xcconfig */;
			buildSettings = {
				ASSETCATALOG_COMPILER_APPICON_NAME = AppIcon;
				CODE_SIGN_IDENTITY = "iPhone Developer";
				"CODE_SIGN_IDENTITY[sdk=iphoneos*]" = "iPhone Developer";
				INFOPLIST_FILE = conscious/Info.plist;
				LD_RUNPATH_SEARCH_PATHS = "$(inherited) @executable_path/Frameworks";
				PRODUCT_BUNDLE_IDENTIFIER = world.conscious.conscious;
				PRODUCT_NAME = "$(TARGET_NAME)";
				PROVISIONING_PROFILE = "";
				SWIFT_OBJC_BRIDGING_HEADER = "conscious/conscios-Bridging-Header.h";
			};
			name = Debug;
		};
		DA3501AF1C880A27006A41A5 /* Release */ = {
			isa = XCBuildConfiguration;
			baseConfigurationReference = B24AE942D5D41CCB7D7F2C51 /* Pods-conscious.release.xcconfig */;
			buildSettings = {
				ASSETCATALOG_COMPILER_APPICON_NAME = AppIcon;
				CODE_SIGN_IDENTITY = "iPhone Developer";
				"CODE_SIGN_IDENTITY[sdk=iphoneos*]" = "iPhone Developer";
				INFOPLIST_FILE = conscious/Info.plist;
				LD_RUNPATH_SEARCH_PATHS = "$(inherited) @executable_path/Frameworks";
				PRODUCT_BUNDLE_IDENTIFIER = world.conscious.conscious;
				PRODUCT_NAME = "$(TARGET_NAME)";
				PROVISIONING_PROFILE = "";
				SWIFT_OBJC_BRIDGING_HEADER = "conscious/conscios-Bridging-Header.h";
			};
			name = Release;
		};
/* End XCBuildConfiguration section */

/* Begin XCConfigurationList section */
		DA3501961C880A27006A41A5 /* Build configuration list for PBXProject "conscious" */ = {
			isa = XCConfigurationList;
			buildConfigurations = (
				DA3501AB1C880A27006A41A5 /* Debug */,
				DA3501AC1C880A27006A41A5 /* Release */,
			);
			defaultConfigurationIsVisible = 0;
			defaultConfigurationName = Release;
		};
		DA3501AD1C880A27006A41A5 /* Build configuration list for PBXNativeTarget "conscious" */ = {
			isa = XCConfigurationList;
			buildConfigurations = (
				DA3501AE1C880A27006A41A5 /* Debug */,
				DA3501AF1C880A27006A41A5 /* Release */,
			);
			defaultConfigurationIsVisible = 0;
			defaultConfigurationName = Release;
		};
/* End XCConfigurationList section */
	};
	rootObject = DA3501931C880A27006A41A5 /* Project object */;
}
